
Microsoft Visual Studio Solution File, Format Version 12.00
Project("{FAE04EC0-301F-11D3-BF4B-00C04F79EFBC}") = "MoundBoard", "MoundBoard\MoundBoard.csproj", "{762F7F2C-04B6-4CB3-BE5F-B06FD2A4754A}"
EndProject
Global
	GlobalSection(SolutionConfigurationPlatforms) = preSolution
		Debug|Any CPU = Debug|Any CPU
		Release|Any CPU = Release|Any CPU
	EndGlobalSection
	GlobalSection(ProjectConfigurationPlatforms) = postSolution
		{762F7F2C-04B6-4CB3-BE5F-B06FD2A4754A}.Debug|Any CPU.ActiveCfg = Debug|Any CPU
		{762F7F2C-04B6-4CB3-BE5F-B06FD2A4754A}.Debug|Any CPU.Build.0 = Debug|Any CPU
		{762F7F2C-04B6-4CB3-BE5F-B06FD2A4754A}.Release|Any CPU.ActiveCfg = Release|Any CPU
		{762F7F2C-04B6-4CB3-BE5F-B06FD2A4754A}.Release|Any CPU.Build.0 = Release|Any CPU
	EndGlobalSection
EndGlobal
